
Microsoft Visual Studio Solution File, Format Version 12.00
# Visual Studio Version 17
VisualStudioVersion = 17.5.33530.505
MinimumVisualStudioVersion = 10.0.40219.1
Project("{9A19103F-16F7-4668-BE54-9A1E7A4F7556}") = "Core", "Core\Core.csproj", "{81C138D5-FB74-4265-B13E-8EA072911DE7}"
EndProject
Project("{2150E333-8FDC-42A3-9474-1A3956D46DE8}") = "Solution Items", "Solution Items", "{8F186AB7-8A8A-461D-9E4F-0305EB773E09}"
	ProjectSection(SolutionItems) = preProject
		.editorconfig = .editorconfig
		docker-compose.yml = docker-compose.yml
	EndProjectSection
EndProject
Project("{9A19103F-16F7-4668-BE54-9A1E7A4F7556}") = "Infrastructure", "Infrastructure\Infrastructure.csproj", "{37E01FD6-B46C-4925-AB3A-D0E18477A68B}"
EndProject
Project("{9A19103F-16F7-4668-BE54-9A1E7A4F7556}") = "WebUI", "WebUI\WebUI.csproj", "{7F7F0A24-04A5-4220-AFC8-86D333615BD3}"
EndProject
Project("{9A19103F-16F7-4668-BE54-9A1E7A4F7556}") = "WebAPI", "WebAPI\WebAPI.csproj", "{B654F0CC-E67B-450D-BD42-9EE747CDA2C1}"
EndProject
Project("{9A19103F-16F7-4668-BE54-9A1E7A4F7556}") = "Security", "Security\Security.csproj", "{AEF2C689-8214-4EFD-8C05-028A7AA4C19F}"
EndProject
Project("{9A19103F-16F7-4668-BE54-9A1E7A4F7556}") = "RailwayTicketSystemTests", "RailwayTicketSystemTests\RailwayTicketSystemTests.csproj", "{6BD17F51-DA27-47A8-B546-AF3337C52B4B}"
EndProject
Project("{9A19103F-16F7-4668-BE54-9A1E7A4F7556}") = "Shared", "Shared\Shared.csproj", "{14E0BAB9-571C-4B5B-AB00-24C0EE198DBB}"
EndProject
Project("{9A19103F-16F7-4668-BE54-9A1E7A4F7556}") = "Extensions", "Extensions\Extensions.csproj", "{362FD671-38DA-4810-9CE9-A5346092562B}"
EndProject
Project("{9A19103F-16F7-4668-BE54-9A1E7A4F7556}") = "HealthChecks", "HealthChecks\HealthChecks.csproj", "{5BF466AE-6EDD-4D8D-8B24-A9DF12BE698A}"
EndProject
Global
	GlobalSection(SolutionConfigurationPlatforms) = preSolution
		Debug|Any CPU = Debug|Any CPU
		Release|Any CPU = Release|Any CPU
	EndGlobalSection
	GlobalSection(ProjectConfigurationPlatforms) = postSolution
		{81C138D5-FB74-4265-B13E-8EA072911DE7}.Debug|Any CPU.ActiveCfg = Debug|Any CPU
		{81C138D5-FB74-4265-B13E-8EA072911DE7}.Debug|Any CPU.Build.0 = Debug|Any CPU
		{81C138D5-FB74-4265-B13E-8EA072911DE7}.Release|Any CPU.ActiveCfg = Release|Any CPU
		{81C138D5-FB74-4265-B13E-8EA072911DE7}.Release|Any CPU.Build.0 = Release|Any CPU
		{37E01FD6-B46C-4925-AB3A-D0E18477A68B}.Debug|Any CPU.ActiveCfg = Debug|Any CPU
		{37E01FD6-B46C-4925-AB3A-D0E18477A68B}.Debug|Any CPU.Build.0 = Debug|Any CPU
		{37E01FD6-B46C-4925-AB3A-D0E18477A68B}.Release|Any CPU.ActiveCfg = Release|Any CPU
		{37E01FD6-B46C-4925-AB3A-D0E18477A68B}.Release|Any CPU.Build.0 = Release|Any CPU
		{7F7F0A24-04A5-4220-AFC8-86D333615BD3}.Debug|Any CPU.ActiveCfg = Debug|Any CPU
		{7F7F0A24-04A5-4220-AFC8-86D333615BD3}.Debug|Any CPU.Build.0 = Debug|Any CPU
		{7F7F0A24-04A5-4220-AFC8-86D333615BD3}.Release|Any CPU.ActiveCfg = Release|Any CPU
		{7F7F0A24-04A5-4220-AFC8-86D333615BD3}.Release|Any CPU.Build.0 = Release|Any CPU
		{B654F0CC-E67B-450D-BD42-9EE747CDA2C1}.Debug|Any CPU.ActiveCfg = Debug|Any CPU
		{B654F0CC-E67B-450D-BD42-9EE747CDA2C1}.Debug|Any CPU.Build.0 = Debug|Any CPU
		{B654F0CC-E67B-450D-BD42-9EE747CDA2C1}.Release|Any CPU.ActiveCfg = Release|Any CPU
		{B654F0CC-E67B-450D-BD42-9EE747CDA2C1}.Release|Any CPU.Build.0 = Release|Any CPU
		{AEF2C689-8214-4EFD-8C05-028A7AA4C19F}.Debug|Any CPU.ActiveCfg = Debug|Any CPU
		{AEF2C689-8214-4EFD-8C05-028A7AA4C19F}.Debug|Any CPU.Build.0 = Debug|Any CPU
		{AEF2C689-8214-4EFD-8C05-028A7AA4C19F}.Release|Any CPU.ActiveCfg = Release|Any CPU
		{AEF2C689-8214-4EFD-8C05-028A7AA4C19F}.Release|Any CPU.Build.0 = Release|Any CPU
		{6BD17F51-DA27-47A8-B546-AF3337C52B4B}.Debug|Any CPU.ActiveCfg = Debug|Any CPU
		{6BD17F51-DA27-47A8-B546-AF3337C52B4B}.Debug|Any CPU.Build.0 = Debug|Any CPU
		{6BD17F51-DA27-47A8-B546-AF3337C52B4B}.Release|Any CPU.ActiveCfg = Release|Any CPU
		{6BD17F51-DA27-47A8-B546-AF3337C52B4B}.Release|Any CPU.Build.0 = Release|Any CPU
		{14E0BAB9-571C-4B5B-AB00-24C0EE198DBB}.Debug|Any CPU.ActiveCfg = Debug|Any CPU
		{14E0BAB9-571C-4B5B-AB00-24C0EE198DBB}.Debug|Any CPU.Build.0 = Debug|Any CPU
		{14E0BAB9-571C-4B5B-AB00-24C0EE198DBB}.Release|Any CPU.ActiveCfg = Release|Any CPU
		{14E0BAB9-571C-4B5B-AB00-24C0EE198DBB}.Release|Any CPU.Build.0 = Release|Any CPU
		{362FD671-38DA-4810-9CE9-A5346092562B}.Debug|Any CPU.ActiveCfg = Debug|Any CPU
		{362FD671-38DA-4810-9CE9-A5346092562B}.Debug|Any CPU.Build.0 = Debug|Any CPU
		{362FD671-38DA-4810-9CE9-A5346092562B}.Release|Any CPU.ActiveCfg = Release|Any CPU
		{362FD671-38DA-4810-9CE9-A5346092562B}.Release|Any CPU.Build.0 = Release|Any CPU
		{5BF466AE-6EDD-4D8D-8B24-A9DF12BE698A}.Debug|Any CPU.ActiveCfg = Debug|Any CPU
		{5BF466AE-6EDD-4D8D-8B24-A9DF12BE698A}.Debug|Any CPU.Build.0 = Debug|Any CPU
		{5BF466AE-6EDD-4D8D-8B24-A9DF12BE698A}.Release|Any CPU.ActiveCfg = Release|Any CPU
		{5BF466AE-6EDD-4D8D-8B24-A9DF12BE698A}.Release|Any CPU.Build.0 = Release|Any CPU
	EndGlobalSection
	GlobalSection(SolutionProperties) = preSolution
		HideSolutionNode = FALSE
	EndGlobalSection
	GlobalSection(ExtensibilityGlobals) = postSolution
		SolutionGuid = {008194CA-80D7-48A6-9DDA-021E098AD5E3}
	EndGlobalSection
EndGlobal
